// !$*UTF8*$!
{
	archiveVersion = 1;
	classes = {
	};
	objectVersion = 46;
	objects = {

/* Begin PBXBuildFile section */
		183CA1321710D1C500FA8DA6 /* Default.png in Resources */ = {isa = PBXBuildFile; fileRef = 183CA1341710D1C500FA8DA6 /* Default.png */; };
		6CAF1B52170F858D003CC459 /* UIKit.framework in Frameworks */ = {isa = PBXBuildFile; fileRef = 6CAF1B51170F858D003CC459 /* UIKit.framework */; };
		6CAF1B54170F858D003CC459 /* Foundation.framework in Frameworks */ = {isa = PBXBuildFile; fileRef = 6CAF1B53170F858D003CC459 /* Foundation.framework */; };
		6CAF1B56170F858D003CC459 /* CoreGraphics.framework in Frameworks */ = {isa = PBXBuildFile; fileRef = 6CAF1B55170F858D003CC459 /* CoreGraphics.framework */; };
		6CAF1B5C170F858D003CC459 /* InfoPlist.strings in Resources */ = {isa = PBXBuildFile; fileRef = 6CAF1B5A170F858D003CC459 /* InfoPlist.strings */; };
		6CAF1B5E170F858D003CC459 /* main.m in Sources */ = {isa = PBXBuildFile; fileRef = 6CAF1B5D170F858D003CC459 /* main.m */; };
		6CAF1B62170F858D003CC459 /* AppDelegate.m in Sources */ = {isa = PBXBuildFile; fileRef = 6CAF1B61170F858D003CC459 /* AppDelegate.m */; };
		6CAF1B66170F858D003CC459 /* Default@2x.png in Resources */ = {isa = PBXBuildFile; fileRef = 6CAF1B65170F858D003CC459 /* Default@2x.png */; };
		6CAF1B68170F858D003CC459 /* Default-568h@2x.png in Resources */ = {isa = PBXBuildFile; fileRef = 6CAF1B67170F858D003CC459 /* Default-568h@2x.png */; };
		6CAF1B6B170F858D003CC459 /* MainStoryboard.storyboard in Resources */ = {isa = PBXBuildFile; fileRef = 6CAF1B69170F858D003CC459 /* MainStoryboard.storyboard */; };
		6CAF1B88170F93AF003CC459 /* SplashScreenViewController.m in Sources */ = {isa = PBXBuildFile; fileRef = 6CAF1B87170F93AF003CC459 /* SplashScreenViewController.m */; };
		6CDD559317150FCB002BB31A /* Contatos.plist in Resources */ = {isa = PBXBuildFile; fileRef = 6CDD559217150FCB002BB31A /* Contatos.plist */; };
		6CDD559717151044002BB31A /* Default.png in Resources */ = {isa = PBXBuildFile; fileRef = 6CDD559417151044002BB31A /* Default.png */; };
		6CDD559817151044002BB31A /* icon-iphone-114x114.png in Resources */ = {isa = PBXBuildFile; fileRef = 6CDD559517151044002BB31A /* icon-iphone-114x114.png */; };
		6CDD559917151044002BB31A /* icone-iphone-57x57.png in Resources */ = {isa = PBXBuildFile; fileRef = 6CDD559617151044002BB31A /* icone-iphone-57x57.png */; };
		6CDFB3B3170FBD0700D5F041 /* SettingScreenViewController.m in Sources */ = {isa = PBXBuildFile; fileRef = 6CDFB3B2170FBD0700D5F041 /* SettingScreenViewController.m */; };
		6CE13CD81711360800E7E8E9 /* AddContactViewController.m in Sources */ = {isa = PBXBuildFile; fileRef = 6CE13CD51711360800E7E8E9 /* AddContactViewController.m */; };
		6CE13CD91711360800E7E8E9 /* ContactViewController.m in Sources */ = {isa = PBXBuildFile; fileRef = 6CE13CD71711360800E7E8E9 /* ContactViewController.m */; };
		6CE4634B171204E000EEF46C /* AddressBook.framework in Frameworks */ = {isa = PBXBuildFile; fileRef = 6CE46349171204DF00EEF46C /* AddressBook.framework */; };
		6CE4634C171204E000EEF46C /* AddressBookUI.framework in Frameworks */ = {isa = PBXBuildFile; fileRef = 6CE4634A171204DF00EEF46C /* AddressBookUI.framework */; };
/* End PBXBuildFile section */

/* Begin PBXFileReference section */
		183CA1331710D1C500FA8DA6 /* en */ = {isa = PBXFileReference; lastKnownFileType = image.png; name = en; path = en.lproj/Default.png; sourceTree = "<group>"; };
		6CAF1B4E170F858D003CC459 /* Emergency App.app */ = {isa = PBXFileReference; explicitFileType = wrapper.application; includeInIndex = 0; path = "Emergency App.app"; sourceTree = BUILT_PRODUCTS_DIR; };
		6CAF1B51170F858D003CC459 /* UIKit.framework */ = {isa = PBXFileReference; lastKnownFileType = wrapper.framework; name = UIKit.framework; path = System/Library/Frameworks/UIKit.framework; sourceTree = SDKROOT; };
		6CAF1B53170F858D003CC459 /* Foundation.framework */ = {isa = PBXFileReference; lastKnownFileType = wrapper.framework; name = Foundation.framework; path = System/Library/Frameworks/Foundation.framework; sourceTree = SDKROOT; };
		6CAF1B55170F858D003CC459 /* CoreGraphics.framework */ = {isa = PBXFileReference; lastKnownFileType = wrapper.framework; name = CoreGraphics.framework; path = System/Library/Frameworks/CoreGraphics.framework; sourceTree = SDKROOT; };
		6CAF1B59170F858D003CC459 /* Emergency App-Info.plist */ = {isa = PBXFileReference; lastKnownFileType = text.plist.xml; path = "Emergency App-Info.plist"; sourceTree = "<group>"; };
		6CAF1B5B170F858D003CC459 /* en */ = {isa = PBXFileReference; lastKnownFileType = text.plist.strings; name = en; path = en.lproj/InfoPlist.strings; sourceTree = "<group>"; };
		6CAF1B5D170F858D003CC459 /* main.m */ = {isa = PBXFileReference; lastKnownFileType = sourcecode.c.objc; path = main.m; sourceTree = "<group>"; };
		6CAF1B5F170F858D003CC459 /* Emergency App-Prefix.pch */ = {isa = PBXFileReference; lastKnownFileType = sourcecode.c.h; path = "Emergency App-Prefix.pch"; sourceTree = "<group>"; };
		6CAF1B60170F858D003CC459 /* AppDelegate.h */ = {isa = PBXFileReference; lastKnownFileType = sourcecode.c.h; path = AppDelegate.h; sourceTree = "<group>"; };
		6CAF1B61170F858D003CC459 /* AppDelegate.m */ = {isa = PBXFileReference; lastKnownFileType = sourcecode.c.objc; path = AppDelegate.m; sourceTree = "<group>"; };
		6CAF1B65170F858D003CC459 /* Default@2x.png */ = {isa = PBXFileReference; lastKnownFileType = image.png; name = "Default@2x.png"; path = "Emergency App/Default@2x.png"; sourceTree = "<group>"; };
		6CAF1B67170F858D003CC459 /* Default-568h@2x.png */ = {isa = PBXFileReference; lastKnownFileType = image.png; name = "Default-568h@2x.png"; path = "Emergency App/Default-568h@2x.png"; sourceTree = "<group>"; };
		6CAF1B6A170F858D003CC459 /* en */ = {isa = PBXFileReference; lastKnownFileType = file.storyboard; name = en; path = en.lproj/MainStoryboard.storyboard; sourceTree = "<group>"; };
		6CAF1B86170F93AF003CC459 /* SplashScreenViewController.h */ = {isa = PBXFileReference; fileEncoding = 4; lastKnownFileType = sourcecode.c.h; name = SplashScreenViewController.h; path = "Emergency App/SplashScreenViewController.h"; sourceTree = "<group>"; };
		6CAF1B87170F93AF003CC459 /* SplashScreenViewController.m */ = {isa = PBXFileReference; fileEncoding = 4; lastKnownFileType = sourcecode.c.objc; name = SplashScreenViewController.m; path = "Emergency App/SplashScreenViewController.m"; sourceTree = "<group>"; };
		6CDD559217150FCB002BB31A /* Contatos.plist */ = {isa = PBXFileReference; fileEncoding = 4; lastKnownFileType = text.plist.xml; path = Contatos.plist; sourceTree = "<group>"; };
		6CDD559417151044002BB31A /* Default.png */ = {isa = PBXFileReference; lastKnownFileType = image.png; name = Default.png; path = "Emergency App/Default.png"; sourceTree = "<group>"; };
		6CDD559517151044002BB31A /* icon-iphone-114x114.png */ = {isa = PBXFileReference; lastKnownFileType = image.png; name = "icon-iphone-114x114.png"; path = "Emergency App/icon-iphone-114x114.png"; sourceTree = "<group>"; };
		6CDD559617151044002BB31A /* icone-iphone-57x57.png */ = {isa = PBXFileReference; lastKnownFileType = image.png; name = "icone-iphone-57x57.png"; path = "Emergency App/icone-iphone-57x57.png"; sourceTree = "<group>"; };
		6CDFB3B1170FBD0700D5F041 /* SettingScreenViewController.h */ = {isa = PBXFileReference; fileEncoding = 4; lastKnownFileType = sourcecode.c.h; name = SettingScreenViewController.h; path = "Emergency App/SettingScreenViewController.h"; sourceTree = "<group>"; };
		6CDFB3B2170FBD0700D5F041 /* SettingScreenViewController.m */ = {isa = PBXFileReference; fileEncoding = 4; lastKnownFileType = sourcecode.c.objc; name = SettingScreenViewController.m; path = "Emergency App/SettingScreenViewController.m"; sourceTree = "<group>"; };
		6CE13CD41711360800E7E8E9 /* AddContactViewController.h */ = {isa = PBXFileReference; fileEncoding = 4; lastKnownFileType = sourcecode.c.h; name = AddContactViewController.h; path = "Emergency App/AddContactViewController.h"; sourceTree = "<group>"; };
		6CE13CD51711360800E7E8E9 /* AddContactViewController.m */ = {isa = PBXFileReference; fileEncoding = 4; lastKnownFileType = sourcecode.c.objc; name = AddContactViewController.m; path = "Emergency App/AddContactViewController.m"; sourceTree = "<group>"; };
		6CE13CD61711360800E7E8E9 /* ContactViewController.h */ = {isa = PBXFileReference; fileEncoding = 4; lastKnownFileType = sourcecode.c.h; name = ContactViewController.h; path = "Emergency App/ContactViewController.h"; sourceTree = "<group>"; };
		6CE13CD71711360800E7E8E9 /* ContactViewController.m */ = {isa = PBXFileReference; fileEncoding = 4; lastKnownFileType = sourcecode.c.objc; name = ContactViewController.m; path = "Emergency App/ContactViewController.m"; sourceTree = "<group>"; };
		6CE46349171204DF00EEF46C /* AddressBook.framework */ = {isa = PBXFileReference; lastKnownFileType = wrapper.framework; name = AddressBook.framework; path = System/Library/Frameworks/AddressBook.framework; sourceTree = SDKROOT; };
		6CE4634A171204DF00EEF46C /* AddressBookUI.framework */ = {isa = PBXFileReference; lastKnownFileType = wrapper.framework; name = AddressBookUI.framework; path = System/Library/Frameworks/AddressBookUI.framework; sourceTree = SDKROOT; };
/* End PBXFileReference section */

/* Begin PBXFrameworksBuildPhase section */
		6CAF1B4B170F858D003CC459 /* Frameworks */ = {
			isa = PBXFrameworksBuildPhase;
			buildActionMask = 2147483647;
			files = (
				6CE4634B171204E000EEF46C /* AddressBook.framework in Frameworks */,
				6CE4634C171204E000EEF46C /* AddressBookUI.framework in Frameworks */,
				6CAF1B52170F858D003CC459 /* UIKit.framework in Frameworks */,
				6CAF1B54170F858D003CC459 /* Foundation.framework in Frameworks */,
				6CAF1B56170F858D003CC459 /* CoreGraphics.framework in Frameworks */,
			);
			runOnlyForDeploymentPostprocessing = 0;
		};
/* End PBXFrameworksBuildPhase section */

/* Begin PBXGroup section */
		6CAF1B45170F858D003CC459 = {
			isa = PBXGroup;
			children = (
				6CAF1B57170F858D003CC459 /* Emergency App */,
				6CAF1B50170F858D003CC459 /* Frameworks */,
				6CAF1B4F170F858D003CC459 /* Products */,
			);
			sourceTree = "<group>";
		};
		6CAF1B4F170F858D003CC459 /* Products */ = {
			isa = PBXGroup;
			children = (
				6CAF1B4E170F858D003CC459 /* Emergency App.app */,
			);
			name = Products;
			sourceTree = "<group>";
		};
		6CAF1B50170F858D003CC459 /* Frameworks */ = {
			isa = PBXGroup;
			children = (
				6CE46349171204DF00EEF46C /* AddressBook.framework */,
				6CE4634A171204DF00EEF46C /* AddressBookUI.framework */,
				6CAF1B51170F858D003CC459 /* UIKit.framework */,
				6CAF1B53170F858D003CC459 /* Foundation.framework */,
				6CAF1B55170F858D003CC459 /* CoreGraphics.framework */,
			);
			name = Frameworks;
			sourceTree = "<group>";
		};
		6CAF1B57170F858D003CC459 /* Emergency App */ = {
			isa = PBXGroup;
			children = (
				6CAF1B80170F85AA003CC459 /* Resources */,
				6CAF1B7F170F8599003CC459 /* Views */,
				6CAF1B60170F858D003CC459 /* AppDelegate.h */,
				6CDD559217150FCB002BB31A /* Contatos.plist */,
				6CAF1B61170F858D003CC459 /* AppDelegate.m */,
				6CAF1B69170F858D003CC459 /* MainStoryboard.storyboard */,
				6CAF1B58170F858D003CC459 /* Supporting Files */,
			);
			path = "Emergency App";
			sourceTree = "<group>";
		};
		6CAF1B58170F858D003CC459 /* Supporting Files */ = {
			isa = PBXGroup;
			children = (
				6CAF1B59170F858D003CC459 /* Emergency App-Info.plist */,
				6CAF1B5A170F858D003CC459 /* InfoPlist.strings */,
				6CAF1B5D170F858D003CC459 /* main.m */,
				6CAF1B5F170F858D003CC459 /* Emergency App-Prefix.pch */,
			);
			name = "Supporting Files";
			sourceTree = "<group>";
		};
		6CAF1B7F170F8599003CC459 /* Views */ = {
			isa = PBXGroup;
			children = (
				6CE13CD41711360800E7E8E9 /* AddContactViewController.h */,
				6CE13CD51711360800E7E8E9 /* AddContactViewController.m */,
				6CE13CD61711360800E7E8E9 /* ContactViewController.h */,
				6CE13CD71711360800E7E8E9 /* ContactViewController.m */,
				6CAF1B86170F93AF003CC459 /* SplashScreenViewController.h */,
				6CAF1B87170F93AF003CC459 /* SplashScreenViewController.m */,
				6CDFB3B1170FBD0700D5F041 /* SettingScreenViewController.h */,
				6CDFB3B2170FBD0700D5F041 /* SettingScreenViewController.m */,
			);
			name = Views;
			path = ..;
			sourceTree = "<group>";
		};
		6CAF1B80170F85AA003CC459 /* Resources */ = {
			isa = PBXGroup;
			children = (
				6CDD559417151044002BB31A /* Default.png */,
				6CDD559517151044002BB31A /* icon-iphone-114x114.png */,
				6CDD559617151044002BB31A /* icone-iphone-57x57.png */,
				183CA1341710D1C500FA8DA6 /* Default.png */,
				6CAF1B65170F858D003CC459 /* Default@2x.png */,
				6CAF1B67170F858D003CC459 /* Default-568h@2x.png */,
			);
			name = Resources;
			path = ..;
			sourceTree = "<group>";
		};
/* End PBXGroup section */

/* Begin PBXNativeTarget section */
		6CAF1B4D170F858D003CC459 /* Emergency App */ = {
			isa = PBXNativeTarget;
			buildConfigurationList = 6CAF1B7C170F858D003CC459 /* Build configuration list for PBXNativeTarget "Emergency App" */;
			buildPhases = (
				6CAF1B4A170F858D003CC459 /* Sources */,
				6CAF1B4B170F858D003CC459 /* Frameworks */,
				6CAF1B4C170F858D003CC459 /* Resources */,
			);
			buildRules = (
			);
			dependencies = (
			);
			name = "Emergency App";
			productName = "Emergency App";
			productReference = 6CAF1B4E170F858D003CC459 /* Emergency App.app */;
			productType = "com.apple.product-type.application";
		};
/* End PBXNativeTarget section */

/* Begin PBXProject section */
		6CAF1B46170F858D003CC459 /* Project object */ = {
			isa = PBXProject;
			attributes = {
				LastUpgradeCheck = 0460;
				ORGANIZATIONNAME = "Rafael Bento Cruz";
			};
			buildConfigurationList = 6CAF1B49170F858D003CC459 /* Build configuration list for PBXProject "Emergency App" */;
			compatibilityVersion = "Xcode 3.2";
			developmentRegion = English;
			hasScannedForEncodings = 0;
			knownRegions = (
				en,
			);
			mainGroup = 6CAF1B45170F858D003CC459;
			productRefGroup = 6CAF1B4F170F858D003CC459 /* Products */;
			projectDirPath = "";
			projectRoot = "";
			targets = (
				6CAF1B4D170F858D003CC459 /* Emergency App */,
			);
		};
/* End PBXProject section */

/* Begin PBXResourcesBuildPhase section */
		6CAF1B4C170F858D003CC459 /* Resources */ = {
			isa = PBXResourcesBuildPhase;
			buildActionMask = 2147483647;
			files = (
				6CAF1B5C170F858D003CC459 /* InfoPlist.strings in Resources */,
				183CA1321710D1C500FA8DA6 /* Default.png in Resources */,
				6CAF1B66170F858D003CC459 /* Default@2x.png in Resources */,
				6CAF1B68170F858D003CC459 /* Default-568h@2x.png in Resources */,
				6CAF1B6B170F858D003CC459 /* MainStoryboard.storyboard in Resources */,
				6CDD559317150FCB002BB31A /* Contatos.plist in Resources */,
				6CDD559717151044002BB31A /* Default.png in Resources */,
				6CDD559817151044002BB31A /* icon-iphone-114x114.png in Resources */,
				6CDD559917151044002BB31A /* icone-iphone-57x57.png in Resources */,
			);
			runOnlyForDeploymentPostprocessing = 0;
		};
/* End PBXResourcesBuildPhase section */

/* Begin PBXSourcesBuildPhase section */
		6CAF1B4A170F858D003CC459 /* Sources */ = {
			isa = PBXSourcesBuildPhase;
			buildActionMask = 2147483647;
			files = (
				6CAF1B5E170F858D003CC459 /* main.m in Sources */,
				6CAF1B62170F858D003CC459 /* AppDelegate.m in Sources */,
				6CAF1B88170F93AF003CC459 /* SplashScreenViewController.m in Sources */,
				6CDFB3B3170FBD0700D5F041 /* SettingScreenViewController.m in Sources */,
				6CE13CD81711360800E7E8E9 /* AddContactViewController.m in Sources */,
				6CE13CD91711360800E7E8E9 /* ContactViewController.m in Sources */,
			);
			runOnlyForDeploymentPostprocessing = 0;
		};
/* End PBXSourcesBuildPhase section */

/* Begin PBXVariantGroup section */
		183CA1341710D1C500FA8DA6 /* Default.png */ = {
			isa = PBXVariantGroup;
			children = (
				183CA1331710D1C500FA8DA6 /* en */,
			);
			name = Default.png;
			path = "Emergency App";
			sourceTree = "<group>";
		};
		6CAF1B5A170F858D003CC459 /* InfoPlist.strings */ = {
			isa = PBXVariantGroup;
			children = (
				6CAF1B5B170F858D003CC459 /* en */,
			);
			name = InfoPlist.strings;
			sourceTree = "<group>";
		};
		6CAF1B69170F858D003CC459 /* MainStoryboard.storyboard */ = {
			isa = PBXVariantGroup;
			children = (
				6CAF1B6A170F858D003CC459 /* en */,
			);
			name = MainStoryboard.storyboard;
			sourceTree = "<group>";
		};
/* End PBXVariantGroup section */

/* Begin XCBuildConfiguration section */
		6CAF1B7A170F858D003CC459 /* Debug */ = {
			isa = XCBuildConfiguration;
			buildSettings = {
				ALWAYS_SEARCH_USER_PATHS = NO;
				CLANG_CXX_LANGUAGE_STANDARD = "gnu++0x";
				CLANG_CXX_LIBRARY = "libc++";
				CLANG_ENABLE_OBJC_ARC = YES;
				CLANG_WARN_CONSTANT_CONVERSION = YES;
				CLANG_WARN_EMPTY_BODY = YES;
				CLANG_WARN_ENUM_CONVERSION = YES;
				CLANG_WARN_INT_CONVERSION = YES;
				CLANG_WARN__DUPLICATE_METHOD_MATCH = YES;
				"CODE_SIGN_IDENTITY[sdk=iphoneos*]" = "iPhone Developer";
				COPY_PHASE_STRIP = NO;
				GCC_C_LANGUAGE_STANDARD = gnu99;
				GCC_DYNAMIC_NO_PIC = NO;
				GCC_OPTIMIZATION_LEVEL = 0;
				GCC_PREPROCESSOR_DEFINITIONS = (
					"DEBUG=1",
					"$(inherited)",
				);
				GCC_SYMBOLS_PRIVATE_EXTERN = NO;
				GCC_WARN_ABOUT_RETURN_TYPE = YES;
				GCC_WARN_UNINITIALIZED_AUTOS = YES;
				GCC_WARN_UNUSED_VARIABLE = YES;
				IPHONEOS_DEPLOYMENT_TARGET = 6.1;
				ONLY_ACTIVE_ARCH = YES;
				SDKROOT = iphoneos;
			};
			name = Debug;
		};
		6CAF1B7B170F858D003CC459 /* Release */ = {
			isa = XCBuildConfiguration;
			buildSettings = {
				ALWAYS_SEARCH_USER_PATHS = NO;
				CLANG_CXX_LANGUAGE_STANDARD = "gnu++0x";
				CLANG_CXX_LIBRARY = "libc++";
				CLANG_ENABLE_OBJC_ARC = YES;
				CLANG_WARN_CONSTANT_CONVERSION = YES;
				CLANG_WARN_EMPTY_BODY = YES;
				CLANG_WARN_ENUM_CONVERSION = YES;
				CLANG_WARN_INT_CONVERSION = YES;
				CLANG_WARN__DUPLICATE_METHOD_MATCH = YES;
				"CODE_SIGN_IDENTITY[sdk=iphoneos*]" = "iPhone Developer";
				COPY_PHASE_STRIP = YES;
				GCC_C_LANGUAGE_STANDARD = gnu99;
				GCC_WARN_ABOUT_RETURN_TYPE = YES;
				GCC_WARN_UNINITIALIZED_AUTOS = YES;
				GCC_WARN_UNUSED_VARIABLE = YES;
				IPHONEOS_DEPLOYMENT_TARGET = 6.1;
				OTHER_CFLAGS = "-DNS_BLOCK_ASSERTIONS=1";
				SDKROOT = iphoneos;
				VALIDATE_PRODUCT = YES;
			};
			name = Release;
		};
		6CAF1B7D170F858D003CC459 /* Debug */ = {
			isa = XCBuildConfiguration;
			buildSettings = {
				GCC_PRECOMPILE_PREFIX_HEADER = YES;
				GCC_PREFIX_HEADER = "Emergency App/Emergency App-Prefix.pch";
				INFOPLIST_FILE = "Emergency App/Emergency App-Info.plist";
				PRODUCT_NAME = "$(TARGET_NAME)";
				WRAPPER_EXTENSION = app;
			};
			name = Debug;
		};
		6CAF1B7E170F858D003CC459 /* Release */ = {
			isa = XCBuildConfiguration;
			buildSettings = {
				GCC_PRECOMPILE_PREFIX_HEADER = YES;
				GCC_PREFIX_HEADER = "Emergency App/Emergency App-Prefix.pch";
				INFOPLIST_FILE = "Emergency App/Emergency App-Info.plist";
				PRODUCT_NAME = "$(TARGET_NAME)";
				WRAPPER_EXTENSION = app;
			};
			name = Release;
		};
/* End XCBuildConfiguration section */

/* Begin XCConfigurationList section */
		6CAF1B49170F858D003CC459 /* Build configuration list for PBXProject "Emergency App" */ = {
			isa = XCConfigurationList;
			buildConfigurations = (
				6CAF1B7A170F858D003CC459 /* Debug */,
				6CAF1B7B170F858D003CC459 /* Release */,
			);
			defaultConfigurationIsVisible = 0;
			defaultConfigurationName = Release;
		};
		6CAF1B7C170F858D003CC459 /* Build configuration list for PBXNativeTarget "Emergency App" */ = {
			isa = XCConfigurationList;
			buildConfigurations = (
				6CAF1B7D170F858D003CC459 /* Debug */,
				6CAF1B7E170F858D003CC459 /* Release */,
			);
			defaultConfigurationIsVisible = 0;
			defaultConfigurationName = Release;
		};
/* End XCConfigurationList section */
	};
	rootObject = 6CAF1B46170F858D003CC459 /* Project object */;
}
